// !$*UTF8*$!
{
	archiveVersion = 1;
	classes = {
	};
	objectVersion = 46;
	objects = {

/* Begin PBXBuildFile section */
		3C16DFAA14C7BBFD002162F4 /* Cocoa.framework in Frameworks */ = {isa = PBXBuildFile; fileRef = 3C16DFA914C7BBFD002162F4 /* Cocoa.framework */; };
		3C16DFB414C7BBFD002162F4 /* InfoPlist.strings in Resources */ = {isa = PBXBuildFile; fileRef = 3C16DFB214C7BBFD002162F4 /* InfoPlist.strings */; };
		3C16DFB614C7BBFD002162F4 /* main.m in Sources */ = {isa = PBXBuildFile; fileRef = 3C16DFB514C7BBFD002162F4 /* main.m */; };
		3C16DFBA14C7BBFD002162F4 /* Credits.rtf in Resources */ = {isa = PBXBuildFile; fileRef = 3C16DFB814C7BBFD002162F4 /* Credits.rtf */; };
		3C16DFC014C7BBFD002162F4 /* MainMenu.xib in Resources */ = {isa = PBXBuildFile; fileRef = 3C16DFBE14C7BBFD002162F4 /* MainMenu.xib */; };
		3C16DFD014C7C4A8002162F4 /* SerialPort.framework in Frameworks */ = {isa = PBXBuildFile; fileRef = 3C16DFCF14C7C495002162F4 /* SerialPort.framework */; };
		3C16DFD314C7C50B002162F4 /* BusPirate.m in Sources */ = {isa = PBXBuildFile; fileRef = 3C16DFD214C7C50B002162F4 /* BusPirate.m */; };
		3C22772E14E0B03600F29768 /* TestAppDelegate.m in Sources */ = {isa = PBXBuildFile; fileRef = 3C22772D14E0B03600F29768 /* TestAppDelegate.m */; };
		3C429D0614D5C85D00DC2F64 /* ADC.m in Sources */ = {isa = PBXBuildFile; fileRef = 3C429D0514D5C85D00DC2F64 /* ADC.m */; };
		3C67822314CBA2A500837156 /* Chipkit.m in Sources */ = {isa = PBXBuildFile; fileRef = 3C67822214CBA2A500837156 /* Chipkit.m */; };
		3C67822714CBB1CB00837156 /* LMX_PLL.m in Sources */ = {isa = PBXBuildFile; fileRef = 3C67822614CBB1CB00837156 /* LMX_PLL.m */; };
		3C67822A14CBC61000837156 /* HardwareInterface.m in Sources */ = {isa = PBXBuildFile; fileRef = 3C67822914CBC61000837156 /* HardwareInterface.m */; };
		3C67822D14CC076000837156 /* AD_DDS.m in Sources */ = {isa = PBXBuildFile; fileRef = 3C67822C14CC076000837156 /* AD_DDS.m */; };
		3CEBBDF714DC9D000045F1DE /* MSA_version116_4q.bas in Resources */ = {isa = PBXBuildFile; fileRef = 3CEBBDF614DC9D000045F1DE /* MSA_version116_4q.bas */; };
		3CEBBDFA14DC9D9E0045F1DE /* SpectrumAnalyzer.m in Sources */ = {isa = PBXBuildFile; fileRef = 3CEBBDF914DC9D9E0045F1DE /* SpectrumAnalyzer.m */; };
		3CEBBE1114DCAEE50045F1DE /* notes.txt in Resources */ = {isa = PBXBuildFile; fileRef = 3CEBBE1014DCAEE50045F1DE /* notes.txt */; };
		3CEBBE1314DCB07D0045F1DE /* decimate-basic.bas in Resources */ = {isa = PBXBuildFile; fileRef = 3CEBBE1214DCB07D0045F1DE /* decimate-basic.bas */; };
		3CEBBE2114DDA5F40045F1DE /* lmx2326.pdf in Resources */ = {isa = PBXBuildFile; fileRef = 3CEBBE2014DDA5F40045F1DE /* lmx2326.pdf */; };
/* End PBXBuildFile section */

/* Begin PBXContainerItemProxy section */
		3C16DFCE14C7C495002162F4 /* PBXContainerItemProxy */ = {
			isa = PBXContainerItemProxy;
			containerPortal = 3C16DFC714C7C495002162F4 /* SerialPort.xcodeproj */;
			proxyType = 2;
			remoteGlobalIDString = 8DC2EF5B0486A6940098B216;
			remoteInfo = SerialPort;
		};
/* End PBXContainerItemProxy section */

/* Begin PBXFileReference section */
		3C16DFA514C7BBFD002162F4 /* Spectrum Analyzer.app */ = {isa = PBXFileReference; explicitFileType = wrapper.application; includeInIndex = 0; path = "Spectrum Analyzer.app"; sourceTree = BUILT_PRODUCTS_DIR; };
		3C16DFA914C7BBFD002162F4 /* Cocoa.framework */ = {isa = PBXFileReference; lastKnownFileType = wrapper.framework; name = Cocoa.framework; path = System/Library/Frameworks/Cocoa.framework; sourceTree = SDKROOT; };
		3C16DFAC14C7BBFD002162F4 /* AppKit.framework */ = {isa = PBXFileReference; lastKnownFileType = wrapper.framework; name = AppKit.framework; path = System/Library/Frameworks/AppKit.framework; sourceTree = SDKROOT; };
		3C16DFAD14C7BBFD002162F4 /* CoreData.framework */ = {isa = PBXFileReference; lastKnownFileType = wrapper.framework; name = CoreData.framework; path = System/Library/Frameworks/CoreData.framework; sourceTree = SDKROOT; };
		3C16DFAE14C7BBFD002162F4 /* Foundation.framework */ = {isa = PBXFileReference; lastKnownFileType = wrapper.framework; name = Foundation.framework; path = System/Library/Frameworks/Foundation.framework; sourceTree = SDKROOT; };
		3C16DFB114C7BBFD002162F4 /* Spectrum Analyzer-Info.plist */ = {isa = PBXFileReference; lastKnownFileType = text.plist.xml; path = "Spectrum Analyzer-Info.plist"; sourceTree = "<group>"; };
		3C16DFB314C7BBFD002162F4 /* en */ = {isa = PBXFileReference; lastKnownFileType = text.plist.strings; name = en; path = en.lproj/InfoPlist.strings; sourceTree = "<group>"; };
		3C16DFB514C7BBFD002162F4 /* main.m */ = {isa = PBXFileReference; lastKnownFileType = sourcecode.c.objc; path = main.m; sourceTree = "<group>"; };
		3C16DFB714C7BBFD002162F4 /* Spectrum Analyzer-Prefix.pch */ = {isa = PBXFileReference; lastKnownFileType = sourcecode.c.h; path = "Spectrum Analyzer-Prefix.pch"; sourceTree = "<group>"; };
		3C16DFB914C7BBFD002162F4 /* en */ = {isa = PBXFileReference; lastKnownFileType = text.rtf; name = en; path = en.lproj/Credits.rtf; sourceTree = "<group>"; };
		3C16DFBB14C7BBFD002162F4 /* TestAppDelegate.h */ = {isa = PBXFileReference; lastKnownFileType = sourcecode.c.h; path = TestAppDelegate.h; sourceTree = "<group>"; };
		3C16DFBF14C7BBFD002162F4 /* en */ = {isa = PBXFileReference; lastKnownFileType = file.xib; name = en; path = en.lproj/MainMenu.xib; sourceTree = "<group>"; };
		3C16DFC714C7C495002162F4 /* SerialPort.xcodeproj */ = {isa = PBXFileReference; lastKnownFileType = "wrapper.pb-project"; name = SerialPort.xcodeproj; path = ../frameworks/SerialPort/SerialPort.xcodeproj; sourceTree = "<group>"; };
		3C16DFD114C7C50B002162F4 /* BusPirate.h */ = {isa = PBXFileReference; fileEncoding = 4; lastKnownFileType = sourcecode.c.h; path = BusPirate.h; sourceTree = "<group>"; };
		3C16DFD214C7C50B002162F4 /* BusPirate.m */ = {isa = PBXFileReference; fileEncoding = 4; lastKnownFileType = sourcecode.c.objc; path = BusPirate.m; sourceTree = "<group>"; };
		3C22772D14E0B03600F29768 /* TestAppDelegate.m */ = {isa = PBXFileReference; fileEncoding = 4; lastKnownFileType = sourcecode.c.objc; path = TestAppDelegate.m; sourceTree = "<group>"; };
		3C429D0414D5C85D00DC2F64 /* ADC.h */ = {isa = PBXFileReference; fileEncoding = 4; lastKnownFileType = sourcecode.c.h; path = ADC.h; sourceTree = "<group>"; };
		3C429D0514D5C85D00DC2F64 /* ADC.m */ = {isa = PBXFileReference; fileEncoding = 4; lastKnownFileType = sourcecode.c.objc; path = ADC.m; sourceTree = "<group>"; };
		3C67822114CBA2A500837156 /* Chipkit.h */ = {isa = PBXFileReference; fileEncoding = 4; lastKnownFileType = sourcecode.c.h; path = Chipkit.h; sourceTree = "<group>"; };
		3C67822214CBA2A500837156 /* Chipkit.m */ = {isa = PBXFileReference; fileEncoding = 4; lastKnownFileType = sourcecode.c.objc; path = Chipkit.m; sourceTree = "<group>"; };
		3C67822514CBB1CB00837156 /* LMX_PLL.h */ = {isa = PBXFileReference; fileEncoding = 4; lastKnownFileType = sourcecode.c.h; path = LMX_PLL.h; sourceTree = "<group>"; };
		3C67822614CBB1CB00837156 /* LMX_PLL.m */ = {isa = PBXFileReference; fileEncoding = 4; lastKnownFileType = sourcecode.c.objc; path = LMX_PLL.m; sourceTree = "<group>"; };
		3C67822814CBC61000837156 /* HardwareInterface.h */ = {isa = PBXFileReference; fileEncoding = 4; lastKnownFileType = sourcecode.c.h; path = HardwareInterface.h; sourceTree = "<group>"; };
		3C67822914CBC61000837156 /* HardwareInterface.m */ = {isa = PBXFileReference; fileEncoding = 4; lastKnownFileType = sourcecode.c.objc; path = HardwareInterface.m; sourceTree = "<group>"; };
		3C67822B14CC076000837156 /* AD_DDS.h */ = {isa = PBXFileReference; fileEncoding = 4; lastKnownFileType = sourcecode.c.h; path = AD_DDS.h; sourceTree = "<group>"; };
		3C67822C14CC076000837156 /* AD_DDS.m */ = {isa = PBXFileReference; fileEncoding = 4; lastKnownFileType = sourcecode.c.objc; path = AD_DDS.m; sourceTree = "<group>"; };
		3CEBBDF614DC9D000045F1DE /* MSA_version116_4q.bas */ = {isa = PBXFileReference; fileEncoding = 4; lastKnownFileType = text; path = MSA_version116_4q.bas; sourceTree = "<group>"; };
		3CEBBDF814DC9D9E0045F1DE /* SpectrumAnalyzer.h */ = {isa = PBXFileReference; fileEncoding = 4; lastKnownFileType = sourcecode.c.h; path = SpectrumAnalyzer.h; sourceTree = "<group>"; };
		3CEBBDF914DC9D9E0045F1DE /* SpectrumAnalyzer.m */ = {isa = PBXFileReference; fileEncoding = 4; lastKnownFileType = sourcecode.c.objc; path = SpectrumAnalyzer.m; sourceTree = "<group>"; };
		3CEBBE1014DCAEE50045F1DE /* notes.txt */ = {isa = PBXFileReference; fileEncoding = 4; lastKnownFileType = text; path = notes.txt; sourceTree = "<group>"; };
		3CEBBE1214DCB07D0045F1DE /* decimate-basic.bas */ = {isa = PBXFileReference; fileEncoding = 4; lastKnownFileType = text; path = "decimate-basic.bas"; sourceTree = "<group>"; xcLanguageSpecificationIdentifier = "<none>"; };
		3CEBBE1414DCB82F0045F1DE /* ModuleDelegate.h */ = {isa = PBXFileReference; fileEncoding = 4; lastKnownFileType = sourcecode.c.h; path = ModuleDelegate.h; sourceTree = "<group>"; };
		3CEBBE2014DDA5F40045F1DE /* lmx2326.pdf */ = {isa = PBXFileReference; lastKnownFileType = image.pdf; path = lmx2326.pdf; sourceTree = "<group>"; };
/* End PBXFileReference section */

/* Begin PBXFrameworksBuildPhase section */
		3C16DFA214C7BBFD002162F4 /* Frameworks */ = {
			isa = PBXFrameworksBuildPhase;
			buildActionMask = 2147483647;
			files = (
				3C16DFAA14C7BBFD002162F4 /* Cocoa.framework in Frameworks */,
				3C16DFD014C7C4A8002162F4 /* SerialPort.framework in Frameworks */,
			);
			runOnlyForDeploymentPostprocessing = 0;
		};
/* End PBXFrameworksBuildPhase section */

/* Begin PBXGroup section */
		3C16DF9A14C7BBFD002162F4 = {
			isa = PBXGroup;
			children = (
				3C16DFC714C7C495002162F4 /* SerialPort.xcodeproj */,
				3C16DFAF14C7BBFD002162F4 /* Spectrum Analyzer */,
				3C16DFA814C7BBFD002162F4 /* Frameworks */,
				3C16DFA614C7BBFD002162F4 /* Products */,
			);
			sourceTree = "<group>";
		};
		3C16DFA614C7BBFD002162F4 /* Products */ = {
			isa = PBXGroup;
			children = (
				3C16DFA514C7BBFD002162F4 /* Spectrum Analyzer.app */,
			);
			name = Products;
			sourceTree = "<group>";
		};
		3C16DFA814C7BBFD002162F4 /* Frameworks */ = {
			isa = PBXGroup;
			children = (
				3C16DFA914C7BBFD002162F4 /* Cocoa.framework */,
				3C16DFAB14C7BBFD002162F4 /* Other Frameworks */,
			);
			name = Frameworks;
			sourceTree = "<group>";
		};
		3C16DFAB14C7BBFD002162F4 /* Other Frameworks */ = {
			isa = PBXGroup;
			children = (
				3C16DFAC14C7BBFD002162F4 /* AppKit.framework */,
				3C16DFAD14C7BBFD002162F4 /* CoreData.framework */,
				3C16DFAE14C7BBFD002162F4 /* Foundation.framework */,
			);
			name = "Other Frameworks";
			sourceTree = "<group>";
		};
		3C16DFAF14C7BBFD002162F4 /* Spectrum Analyzer */ = {
			isa = PBXGroup;
			children = (
				3CEBBDF814DC9D9E0045F1DE /* SpectrumAnalyzer.h */,
				3CEBBDF914DC9D9E0045F1DE /* SpectrumAnalyzer.m */,
				3C16DFBB14C7BBFD002162F4 /* TestAppDelegate.h */,
				3C22772D14E0B03600F29768 /* TestAppDelegate.m */,
				3CEBBDF514DC9CEE0045F1DE /* Resources */,
				3C67822414CBB1AD00837156 /* Module Drivers */,
				3C16DFC614C7BC2D002162F4 /* Hardware interface */,
				3C16DFBE14C7BBFD002162F4 /* MainMenu.xib */,
				3C16DFB014C7BBFD002162F4 /* Supporting Files */,
			);
			path = "Spectrum Analyzer";
			sourceTree = "<group>";
		};
		3C16DFB014C7BBFD002162F4 /* Supporting Files */ = {
			isa = PBXGroup;
			children = (
				3C16DFB114C7BBFD002162F4 /* Spectrum Analyzer-Info.plist */,
				3C16DFB214C7BBFD002162F4 /* InfoPlist.strings */,
				3C16DFB514C7BBFD002162F4 /* main.m */,
				3C16DFB714C7BBFD002162F4 /* Spectrum Analyzer-Prefix.pch */,
				3C16DFB814C7BBFD002162F4 /* Credits.rtf */,
			);
			name = "Supporting Files";
			sourceTree = "<group>";
		};
		3C16DFC614C7BC2D002162F4 /* Hardware interface */ = {
			isa = PBXGroup;
			children = (
				3C67822814CBC61000837156 /* HardwareInterface.h */,
				3C67822914CBC61000837156 /* HardwareInterface.m */,
				3C16DFD114C7C50B002162F4 /* BusPirate.h */,
				3C16DFD214C7C50B002162F4 /* BusPirate.m */,
				3C67822114CBA2A500837156 /* Chipkit.h */,
				3C67822214CBA2A500837156 /* Chipkit.m */,
			);
			name = "Hardware interface";
			sourceTree = "<group>";
		};
		3C16DFC814C7C495002162F4 /* Products */ = {
			isa = PBXGroup;
			children = (
				3C16DFCF14C7C495002162F4 /* SerialPort.framework */,
			);
			name = Products;
			sourceTree = "<group>";
		};
		3C67822414CBB1AD00837156 /* Module Drivers */ = {
			isa = PBXGroup;
			children = (
				3CEBBE2014DDA5F40045F1DE /* lmx2326.pdf */,
				3C67822514CBB1CB00837156 /* LMX_PLL.h */,
				3C67822614CBB1CB00837156 /* LMX_PLL.m */,
				3C67822B14CC076000837156 /* AD_DDS.h */,
				3C67822C14CC076000837156 /* AD_DDS.m */,
				3C429D0414D5C85D00DC2F64 /* ADC.h */,
				3C429D0514D5C85D00DC2F64 /* ADC.m */,
				3CEBBE1414DCB82F0045F1DE /* ModuleDelegate.h */,
			);
			name = "Module Drivers";
			sourceTree = "<group>";
		};
		3CEBBDF514DC9CEE0045F1DE /* Resources */ = {
			isa = PBXGroup;
			children = (
				3CEBBDF614DC9D000045F1DE /* MSA_version116_4q.bas */,
				3CEBBE1214DCB07D0045F1DE /* decimate-basic.bas */,
				3CEBBE1014DCAEE50045F1DE /* notes.txt */,
			);
			name = Resources;
			sourceTree = "<group>";
		};
/* End PBXGroup section */

/* Begin PBXNativeTarget section */
		3C16DFA414C7BBFD002162F4 /* TestApp */ = {
			isa = PBXNativeTarget;
			buildConfigurationList = 3C16DFC314C7BBFD002162F4 /* Build configuration list for PBXNativeTarget "TestApp" */;
			buildPhases = (
				3C16DFA114C7BBFD002162F4 /* Sources */,
				3C16DFA214C7BBFD002162F4 /* Frameworks */,
				3C16DFA314C7BBFD002162F4 /* Resources */,
			);
			buildRules = (
			);
			dependencies = (
			);
			name = TestApp;
			productName = "Spectrum Analyzer";
			productReference = 3C16DFA514C7BBFD002162F4 /* Spectrum Analyzer.app */;
			productType = "com.apple.product-type.application";
		};
/* End PBXNativeTarget section */

/* Begin PBXProject section */
		3C16DF9C14C7BBFD002162F4 /* Project object */ = {
			isa = PBXProject;
			attributes = {
				LastUpgradeCheck = 0420;
				ORGANIZATIONNAME = "Oregon State University (COAS)";
			};
			buildConfigurationList = 3C16DF9F14C7BBFD002162F4 /* Build configuration list for PBXProject "Spectrum Analyzer" */;
			compatibilityVersion = "Xcode 3.2";
			developmentRegion = English;
			hasScannedForEncodings = 0;
			knownRegions = (
				en,
			);
			mainGroup = 3C16DF9A14C7BBFD002162F4;
			productRefGroup = 3C16DFA614C7BBFD002162F4 /* Products */;
			projectDirPath = "";
			projectReferences = (
				{
					ProductGroup = 3C16DFC814C7C495002162F4 /* Products */;
					ProjectRef = 3C16DFC714C7C495002162F4 /* SerialPort.xcodeproj */;
				},
			);
			projectRoot = "";
			targets = (
				3C16DFA414C7BBFD002162F4 /* TestApp */,
			);
		};
/* End PBXProject section */

/* Begin PBXReferenceProxy section */
		3C16DFCF14C7C495002162F4 /* SerialPort.framework */ = {
			isa = PBXReferenceProxy;
			fileType = wrapper.framework;
			path = SerialPort.framework;
			remoteRef = 3C16DFCE14C7C495002162F4 /* PBXContainerItemProxy */;
			sourceTree = BUILT_PRODUCTS_DIR;
		};
/* End PBXReferenceProxy section */

/* Begin PBXResourcesBuildPhase section */
		3C16DFA314C7BBFD002162F4 /* Resources */ = {
			isa = PBXResourcesBuildPhase;
			buildActionMask = 2147483647;
			files = (
				3C16DFB414C7BBFD002162F4 /* InfoPlist.strings in Resources */,
				3C16DFBA14C7BBFD002162F4 /* Credits.rtf in Resources */,
				3C16DFC014C7BBFD002162F4 /* MainMenu.xib in Resources */,
				3CEBBDF714DC9D000045F1DE /* MSA_version116_4q.bas in Resources */,
				3CEBBE1114DCAEE50045F1DE /* notes.txt in Resources */,
				3CEBBE1314DCB07D0045F1DE /* decimate-basic.bas in Resources */,
				3CEBBE2114DDA5F40045F1DE /* lmx2326.pdf in Resources */,
			);
			runOnlyForDeploymentPostprocessing = 0;
		};
/* End PBXResourcesBuildPhase section */

/* Begin PBXSourcesBuildPhase section */
		3C16DFA114C7BBFD002162F4 /* Sources */ = {
			isa = PBXSourcesBuildPhase;
			buildActionMask = 2147483647;
			files = (
				3C16DFB614C7BBFD002162F4 /* main.m in Sources */,
				3C16DFD314C7C50B002162F4 /* BusPirate.m in Sources */,
				3C67822314CBA2A500837156 /* Chipkit.m in Sources */,
				3C67822714CBB1CB00837156 /* LMX_PLL.m in Sources */,
				3C67822A14CBC61000837156 /* HardwareInterface.m in Sources */,
				3C67822D14CC076000837156 /* AD_DDS.m in Sources */,
				3C429D0614D5C85D00DC2F64 /* ADC.m in Sources */,
				3CEBBDFA14DC9D9E0045F1DE /* SpectrumAnalyzer.m in Sources */,
				3C22772E14E0B03600F29768 /* TestAppDelegate.m in Sources */,
			);
			runOnlyForDeploymentPostprocessing = 0;
		};
/* End PBXSourcesBuildPhase section */

/* Begin PBXVariantGroup section */
		3C16DFB214C7BBFD002162F4 /* InfoPlist.strings */ = {
			isa = PBXVariantGroup;
			children = (
				3C16DFB314C7BBFD002162F4 /* en */,
			);
			name = InfoPlist.strings;
			sourceTree = "<group>";
		};
		3C16DFB814C7BBFD002162F4 /* Credits.rtf */ = {
			isa = PBXVariantGroup;
			children = (
				3C16DFB914C7BBFD002162F4 /* en */,
			);
			name = Credits.rtf;
			sourceTree = "<group>";
		};
		3C16DFBE14C7BBFD002162F4 /* MainMenu.xib */ = {
			isa = PBXVariantGroup;
			children = (
				3C16DFBF14C7BBFD002162F4 /* en */,
			);
			name = MainMenu.xib;
			sourceTree = "<group>";
		};
/* End PBXVariantGroup section */

/* Begin XCBuildConfiguration section */
		3C16DFC114C7BBFD002162F4 /* Debug */ = {
			isa = XCBuildConfiguration;
			buildSettings = {
				ALWAYS_SEARCH_USER_PATHS = NO;
				ARCHS = "$(ARCHS_STANDARD_64_BIT)";
				COPY_PHASE_STRIP = NO;
				GCC_C_LANGUAGE_STANDARD = gnu99;
				GCC_DYNAMIC_NO_PIC = NO;
				GCC_ENABLE_OBJC_EXCEPTIONS = YES;
				GCC_OPTIMIZATION_LEVEL = 0;
				GCC_PREPROCESSOR_DEFINITIONS = (
					"DEBUG=1",
					"$(inherited)",
				);
				GCC_SYMBOLS_PRIVATE_EXTERN = NO;
				GCC_VERSION = com.apple.compilers.llvm.clang.1_0;
				GCC_WARN_64_TO_32_BIT_CONVERSION = YES;
				GCC_WARN_ABOUT_MISSING_PROTOTYPES = YES;
				GCC_WARN_ABOUT_RETURN_TYPE = YES;
				GCC_WARN_UNUSED_VARIABLE = YES;
				MACOSX_DEPLOYMENT_TARGET = 10.7;
				ONLY_ACTIVE_ARCH = YES;
				SDKROOT = macosx;
			};
			name = Debug;
		};
		3C16DFC214C7BBFD002162F4 /* Release */ = {
			isa = XCBuildConfiguration;
			buildSettings = {
				ALWAYS_SEARCH_USER_PATHS = NO;
				ARCHS = "$(ARCHS_STANDARD_64_BIT)";
				COPY_PHASE_STRIP = YES;
				DEBUG_INFORMATION_FORMAT = "dwarf-with-dsym";
				GCC_C_LANGUAGE_STANDARD = gnu99;
				GCC_ENABLE_OBJC_EXCEPTIONS = YES;
				GCC_VERSION = com.apple.compilers.llvm.clang.1_0;
				GCC_WARN_64_TO_32_BIT_CONVERSION = YES;
				GCC_WARN_ABOUT_MISSING_PROTOTYPES = YES;
				GCC_WARN_ABOUT_RETURN_TYPE = YES;
				GCC_WARN_UNUSED_VARIABLE = YES;
				MACOSX_DEPLOYMENT_TARGET = 10.7;
				SDKROOT = macosx;
			};
			name = Release;
		};
		3C16DFC414C7BBFD002162F4 /* Debug */ = {
			isa = XCBuildConfiguration;
			buildSettings = {
				GCC_PRECOMPILE_PREFIX_HEADER = YES;
				GCC_PREFIX_HEADER = "Spectrum Analyzer/Spectrum Analyzer-Prefix.pch";
				INFOPLIST_FILE = "Spectrum Analyzer/Spectrum Analyzer-Info.plist";
				PRODUCT_NAME = "$(TARGET_NAME)";
				WRAPPER_EXTENSION = app;
			};
			name = Debug;
		};
		3C16DFC514C7BBFD002162F4 /* Release */ = {
			isa = XCBuildConfiguration;
			buildSettings = {
				GCC_PRECOMPILE_PREFIX_HEADER = YES;
				GCC_PREFIX_HEADER = "Spectrum Analyzer/Spectrum Analyzer-Prefix.pch";
				INFOPLIST_FILE = "Spectrum Analyzer/Spectrum Analyzer-Info.plist";
				PRODUCT_NAME = "$(TARGET_NAME)";
				WRAPPER_EXTENSION = app;
			};
			name = Release;
		};
/* End XCBuildConfiguration section */

/* Begin XCConfigurationList section */
		3C16DF9F14C7BBFD002162F4 /* Build configuration list for PBXProject "Spectrum Analyzer" */ = {
			isa = XCConfigurationList;
			buildConfigurations = (
				3C16DFC114C7BBFD002162F4 /* Debug */,
				3C16DFC214C7BBFD002162F4 /* Release */,
			);
			defaultConfigurationIsVisible = 0;
			defaultConfigurationName = Release;
		};
		3C16DFC314C7BBFD002162F4 /* Build configuration list for PBXNativeTarget "TestApp" */ = {
			isa = XCConfigurationList;
			buildConfigurations = (
				3C16DFC414C7BBFD002162F4 /* Debug */,
				3C16DFC514C7BBFD002162F4 /* Release */,
			);
			defaultConfigurationIsVisible = 0;
			defaultConfigurationName = Release;
		};
/* End XCConfigurationList section */
	};
	rootObject = 3C16DF9C14C7BBFD002162F4 /* Project object */;
}
